
Microsoft Visual Studio Solution File, Format Version 12.00
# Visual Studio Version 17
VisualStudioVersion = 17.8.34525.116
MinimumVisualStudioVersion = 10.0.40219.1
Project("{FAE04EC0-301F-11D3-BF4B-00C04F79EFBC}") = "SequenciaNumerica", "SequenciaNumerica\SequenciaNumerica.csproj", "{B7AEF904-CA5F-471C-9084-15ED7C01BCF0}"
EndProject
Global
	GlobalSection(SolutionConfigurationPlatforms) = preSolution
		Debug|Any CPU = Debug|Any CPU
		Release|Any CPU = Release|Any CPU
	EndGlobalSection
	GlobalSection(ProjectConfigurationPlatforms) = postSolution
		{B7AEF904-CA5F-471C-9084-15ED7C01BCF0}.Debug|Any CPU.ActiveCfg = Debug|Any CPU
		{B7AEF904-CA5F-471C-9084-15ED7C01BCF0}.Debug|Any CPU.Build.0 = Debug|Any CPU
		{B7AEF904-CA5F-471C-9084-15ED7C01BCF0}.Release|Any CPU.ActiveCfg = Release|Any CPU
		{B7AEF904-CA5F-471C-9084-15ED7C01BCF0}.Release|Any CPU.Build.0 = Release|Any CPU
	EndGlobalSection
	GlobalSection(SolutionProperties) = preSolution
		HideSolutionNode = FALSE
	EndGlobalSection
	GlobalSection(ExtensibilityGlobals) = postSolution
		SolutionGuid = {EDDDA5DB-B2E7-4E33-90FD-E0490863C950}
	EndGlobalSection
EndGlobal
